# THIS IS AN AUTOGENERATED FILE. DO NOT EDIT THIS FILE DIRECTLY.
# yarn lockfile v1


get-caller-file@^1.0.2:
  version "1.0.3"
  resolved "https://registry.npmjs.org/get-caller-file/-/get-caller-file-1.0.3.tgz#f978fa4c90d1dfe7ff2d6beda2a515e713bdcf4a"
  integrity sha512-3t6rVToeoZfYSGd8YoLFR2DJkiQrIiUrGcjvFX2mDw3bn6k2OtwHN0TNCLbBO+w8qTvimhDkv+LSscbJY1vE6w==

mock-require@^3.0.3:
  version "3.0.3"
  resolved "https://registry.npmjs.org/mock-require/-/mock-require-3.0.3.tgz#ccd544d9eae81dd576b3f219f69ec867318a1946"
  integrity sha512-lLzfLHcyc10MKQnNUCv7dMcoY/2Qxd6wJfbqCcVk3LDb8An4hF6ohk5AztrvgKhJCqj36uyzi/p5se+tvyD+Wg==
  dependencies:
    get-caller-file "^1.0.2"
    normalize-path "^2.1.1"

normalize-path@^2.1.1:
  version "2.1.1"
  resolved "https://registry.npmjs.org/normalize-path/-/normalize-path-2.1.1.tgz#1ab28b556e198363a8c1a6f7e6fa20137fe6aed9"
  integrity sha1-GrKLVW4Zg2Oowab35vogE3/mrtk=
  dependencies:
    remove-trailing-separator "^1.0.1"

remove-trailing-separator@^1.0.1:
  version "1.1.0"
  resolved "https://registry.npmjs.org/remove-trailing-separator/-/remove-trailing-separator-1.1.0.tgz#c24bce2a283adad5bc3f58e0d48249b92379d8ef"
  integrity sha1-wkvOKig62tW8P1jg1IJJuSN52O8=

typescript-deno-plugin@^1.2.4:
  version "1.2.4"
  resolved "https://registry.npmjs.org/typescript-deno-plugin/-/typescript-deno-plugin-1.2.4.tgz#0bd989821bf077404d8546462cd0ef7c099122a3"
  integrity sha512-E5NbeB1SwtjnAkUSYuSWhkI9scQU/DmCp34fNgBuzz54io7SjtHOpJoMx8xw9dzyctQ4TkG2QKh4ly17S4n1ug==
  dependencies:
    mock-require "^3.0.3"

typescript@^3.4.5:
  version "3.4.5"
  resolved "https://registry.npmjs.org/typescript/-/typescript-3.4.5.tgz#2d2618d10bb566572b8d7aad5180d84257d70a99"
  integrity sha512-YycBxUb49UUhdNMU5aJ7z5Ej2XGmaIBL0x34vZ82fn3hGvD+bgrMrVDpatgz2f7YxUMJxMkbWxJZeAvDxVe7Vw==
